
Microsoft Visual Studio Solution File, Format Version 12.00
# Visual Studio Version 16
VisualStudioVersion = 16.0.30011.22
MinimumVisualStudioVersion = 10.0.40219.1
Project("{FAE04EC0-301F-11D3-BF4B-00C04F79EFBC}") = "Sudoku.CMD", "Sudoku\Sudoku.CMD.csproj", "{AB1AC092-ED13-4F1F-91D9-D8F5EDAF23DD}"
EndProject
Project("{FAE04EC0-301F-11D3-BF4B-00C04F79EFBC}") = "Sudoku.BL", "Sudoku.BL\Sudoku.BL.csproj", "{D39CA1D5-DB11-4E73-9AF5-09C578A9794F}"
EndProject
Global
	GlobalSection(SolutionConfigurationPlatforms) = preSolution
		Debug|Any CPU = Debug|Any CPU
		Release|Any CPU = Release|Any CPU
	EndGlobalSection
	GlobalSection(ProjectConfigurationPlatforms) = postSolution
		{AB1AC092-ED13-4F1F-91D9-D8F5EDAF23DD}.Debug|Any CPU.ActiveCfg = Debug|Any CPU
		{AB1AC092-ED13-4F1F-91D9-D8F5EDAF23DD}.Debug|Any CPU.Build.0 = Debug|Any CPU
		{AB1AC092-ED13-4F1F-91D9-D8F5EDAF23DD}.Release|Any CPU.ActiveCfg = Release|Any CPU
		{AB1AC092-ED13-4F1F-91D9-D8F5EDAF23DD}.Release|Any CPU.Build.0 = Release|Any CPU
		{D39CA1D5-DB11-4E73-9AF5-09C578A9794F}.Debug|Any CPU.ActiveCfg = Debug|Any CPU
		{D39CA1D5-DB11-4E73-9AF5-09C578A9794F}.Debug|Any CPU.Build.0 = Debug|Any CPU
		{D39CA1D5-DB11-4E73-9AF5-09C578A9794F}.Release|Any CPU.ActiveCfg = Release|Any CPU
		{D39CA1D5-DB11-4E73-9AF5-09C578A9794F}.Release|Any CPU.Build.0 = Release|Any CPU
	EndGlobalSection
	GlobalSection(SolutionProperties) = preSolution
		HideSolutionNode = FALSE
	EndGlobalSection
	GlobalSection(ExtensibilityGlobals) = postSolution
		SolutionGuid = {94BB571B-4A47-4E23-AFD0-1352310339BE}
	EndGlobalSection
EndGlobal
